
Microsoft Visual Studio Solution File, Format Version 12.00
# Visual Studio Version 17
VisualStudioVersion = 17.9.34728.123
MinimumVisualStudioVersion = 10.0.40219.1
Project("{FAE04EC0-301F-11D3-BF4B-00C04F79EFBC}") = "Using_GenericRepository_CrudOperation", "Using_GenericRepository_CrudOperation.csproj", "{19F83A8B-713A-4413-91C8-BD6FCCC2C9FC}"
EndProject
Global
	GlobalSection(SolutionConfigurationPlatforms) = preSolution
		Debug|Any CPU = Debug|Any CPU
		Release|Any CPU = Release|Any CPU
	EndGlobalSection
	GlobalSection(ProjectConfigurationPlatforms) = postSolution
		{19F83A8B-713A-4413-91C8-BD6FCCC2C9FC}.Debug|Any CPU.ActiveCfg = Debug|Any CPU
		{19F83A8B-713A-4413-91C8-BD6FCCC2C9FC}.Debug|Any CPU.Build.0 = Debug|Any CPU
		{19F83A8B-713A-4413-91C8-BD6FCCC2C9FC}.Release|Any CPU.ActiveCfg = Release|Any CPU
		{19F83A8B-713A-4413-91C8-BD6FCCC2C9FC}.Release|Any CPU.Build.0 = Release|Any CPU
	EndGlobalSection
	GlobalSection(SolutionProperties) = preSolution
		HideSolutionNode = FALSE
	EndGlobalSection
	GlobalSection(ExtensibilityGlobals) = postSolution
		SolutionGuid = {2C28846C-D5DE-4E62-AB2D-C1C62122BCF4}
	EndGlobalSection
EndGlobal
